
Microsoft Visual Studio Solution File, Format Version 12.00
# Visual Studio Version 17
VisualStudioVersion = 17.11.35327.3
MinimumVisualStudioVersion = 10.0.40219.1
Project("{FAE04EC0-301F-11D3-BF4B-00C04F79EFBC}") = "RizzyUI", "RizzyUI\RizzyUI.csproj", "{1E0ED398-4752-48B0-9DF4-D105F18EE450}"
EndProject
Project("{FAE04EC0-301F-11D3-BF4B-00C04F79EFBC}") = "RizzyUI.Docs", "RizzyUI.Docs\RizzyUI.Docs.csproj", "{7055F69C-BF5A-472E-A774-5F85EA7B1BE3}"
EndProject
Project("{FAE04EC0-301F-11D3-BF4B-00C04F79EFBC}") = "RizzyUI.SafelistGenerator", "RizzyUI.SafelistGenerator\RizzyUI.SafelistGenerator.csproj", "{CCA06813-3948-49DB-8D86-A216758B450E}"
EndProject
Global
	GlobalSection(SolutionConfigurationPlatforms) = preSolution
		Debug|Any CPU = Debug|Any CPU
		Release|Any CPU = Release|Any CPU
	EndGlobalSection
	GlobalSection(ProjectConfigurationPlatforms) = postSolution
		{1E0ED398-4752-48B0-9DF4-D105F18EE450}.Debug|Any CPU.ActiveCfg = Debug|Any CPU
		{1E0ED398-4752-48B0-9DF4-D105F18EE450}.Debug|Any CPU.Build.0 = Debug|Any CPU
		{1E0ED398-4752-48B0-9DF4-D105F18EE450}.Release|Any CPU.ActiveCfg = Release|Any CPU
		{1E0ED398-4752-48B0-9DF4-D105F18EE450}.Release|Any CPU.Build.0 = Release|Any CPU
		{7055F69C-BF5A-472E-A774-5F85EA7B1BE3}.Debug|Any CPU.ActiveCfg = Debug|Any CPU
		{7055F69C-BF5A-472E-A774-5F85EA7B1BE3}.Debug|Any CPU.Build.0 = Debug|Any CPU
		{7055F69C-BF5A-472E-A774-5F85EA7B1BE3}.Release|Any CPU.ActiveCfg = Release|Any CPU
		{7055F69C-BF5A-472E-A774-5F85EA7B1BE3}.Release|Any CPU.Build.0 = Release|Any CPU
		{CCA06813-3948-49DB-8D86-A216758B450E}.Debug|Any CPU.ActiveCfg = Debug|Any CPU
		{CCA06813-3948-49DB-8D86-A216758B450E}.Debug|Any CPU.Build.0 = Debug|Any CPU
		{CCA06813-3948-49DB-8D86-A216758B450E}.Release|Any CPU.ActiveCfg = Release|Any CPU
		{CCA06813-3948-49DB-8D86-A216758B450E}.Release|Any CPU.Build.0 = Release|Any CPU
	EndGlobalSection
	GlobalSection(SolutionProperties) = preSolution
		HideSolutionNode = FALSE
	EndGlobalSection
	GlobalSection(ExtensibilityGlobals) = postSolution
		SolutionGuid = {C61A64C1-9838-4858-B893-E03A41E6AF03}
	EndGlobalSection
EndGlobal
